{
  "name": "Portfolio",
  "lockfileVersion": 3,
  "requires": true,
  "packages": {
    "": {
      "dependencies": {
        "@gsap/react": "^2.1.2",
        "clsx": "^2.1.1",
        "dayjs": "^1.11.19",
        "gsap": "^3.13.0",
        "immer": "^11.0.0",
        "lucide-react": "^0.555.0",
        "react-pdf": "^10.2.0",
        "tailwindcss": "^4.1.17",
        "zustand": "^5.0.8"
      }
    },
    "node_modules/@gsap/react": {
      "version": "2.1.2",
      "resolved": "https://registry.npmjs.org/@gsap/react/-/react-2.1.2.tgz",
      "integrity": "sha512-JqliybO1837UcgH2hVOM4VO+38APk3ECNrsuSM4MuXp+rbf+/2IG2K1YJiqfTcXQHH7XlA0m3ykniFYstfq0Iw==",
      "license": "SEE LICENSE AT https://gsap.com/standard-license",
      "peerDependencies": {
        "gsap": "^3.12.5",
        "react": ">=17"
      }
    },
    "node_modules/@napi-rs/canvas": {
      "version": "0.1.83",
      "resolved": "https://registry.npmjs.org/@napi-rs/canvas/-/canvas-0.1.83.tgz",
      "integrity": "sha512-f9GVB9VNc9vn/nroc9epXRNkVpvNPZh69+qzLJIm9DfruxFqX0/jsXG46OGWAJgkO4mN0HvFHjRROMXKVmPszg==",
      "license": "MIT",
      "optional": true,
      "workspaces": [
        "e2e/*"
      ],
      "engines": {
        "node": ">= 10"
      },
      "optionalDependencies": {
        "@napi-rs/canvas-android-arm64": "0.1.83",
        "@napi-rs/canvas-darwin-arm64": "0.1.83",
        "@napi-rs/canvas-darwin-x64": "0.1.83",
        "@napi-rs/canvas-linux-arm-gnueabihf": "0.1.83",
        "@napi-rs/canvas-linux-arm64-gnu": "0.1.83",
        "@napi-rs/canvas-linux-arm64-musl": "0.1.83",
        "@napi-rs/canvas-linux-riscv64-gnu": "0.1.83",
        "@napi-rs/canvas-linux-x64-gnu": "0.1.83",
        "@napi-rs/canvas-linux-x64-musl": "0.1.83",
        "@napi-rs/canvas-win32-x64-msvc": "0.1.83"
      }
    },
    "node_modules/@napi-rs/canvas-android-arm64": {
      "version": "0.1.83",
      "resolved": "https://registry.npmjs.org/@napi-rs/canvas-android-arm64/-/canvas-android-arm64-0.1.83.tgz",
      "integrity": "sha512-TbKM2fh9zXjqFIU8bgMfzG7rkrIYdLKMafgPhFoPwKrpWk1glGbWP7LEu8Y/WrMDqTGFdRqUmuX89yQEzZbkiw==",
      "cpu": [
        "arm64"
      ],
      "license": "MIT",
      "optional": true,
      "os": [
        "android"
      ],
      "engines": {
        "node": ">= 10"
      }
    },
    "node_modules/@napi-rs/canvas-darwin-arm64": {
      "version": "0.1.83",
      "resolved": "https://registry.npmjs.org/@napi-rs/canvas-darwin-arm64/-/canvas-darwin-arm64-0.1.83.tgz",
      "integrity": "sha512-gp8IDVUloPUmkepHly4xRUOfUJSFNvA4jR7ZRF5nk3YcGzegSFGeICiT4PnYyPgSKEhYAFe1Y2XNy0Mp6Tu8mQ==",
      "cpu": [
        "arm64"
      ],
      "license": "MIT",
      "optional": true,
      "os": [
        "darwin"
      ],
      "engines": {
        "node": ">= 10"
      }
    },
    "node_modules/@napi-rs/canvas-darwin-x64": {
      "version": "0.1.83",
      "resolved": "https://registry.npmjs.org/@napi-rs/canvas-darwin-x64/-/canvas-darwin-x64-0.1.83.tgz",
      "integrity": "sha512-r4ZJxiP9OgUbdGZhPDEXD3hQ0aIPcVaywtcTXvamYxTU/SWKAbKVhFNTtpRe1J30oQ25gWyxTkUKSBgUkNzdnw==",
      "cpu": [
        "x64"
      ],
      "license": "MIT",
      "optional": true,
      "os": [
        "darwin"
      ],
      "engines": {
        "node": ">= 10"
      }
    },
    "node_modules/@napi-rs/canvas-linux-arm-gnueabihf": {
      "version": "0.1.83",
      "resolved": "https://registry.npmjs.org/@napi-rs/canvas-linux-arm-gnueabihf/-/canvas-linux-arm-gnueabihf-0.1.83.tgz",
      "integrity": "sha512-Uc6aSB05qH1r+9GUDxIE6F5ZF7L0nTFyyzq8ublWUZhw8fEGK8iy931ff1ByGFT04+xHJad1kBcL4R1ZEV8z7Q==",
      "cpu": [
        "arm"
      ],
      "license": "MIT",
      "optional": true,
      "os": [
        "linux"
      ],
      "engines": {
        "node": ">= 10"
      }
    },
    "node_modules/@napi-rs/canvas-linux-arm64-gnu": {
      "version": "0.1.83",
      "resolved": "https://registry.npmjs.org/@napi-rs/canvas-linux-arm64-gnu/-/canvas-linux-arm64-gnu-0.1.83.tgz",
      "integrity": "sha512-eEeaJA7V5KOFq7W0GtoRVbd3ak8UZpK+XLkCgUiFGtlunNw+ZZW9Cr/92MXflGe7o3SqqMUg+f975LPxO/vsOQ==",
      "cpu": [
        "arm64"
      ],
      "license": "MIT",
      "optional": true,
      "os": [
        "linux"
      ],
      "engines": {
        "node": ">= 10"
      }
    },
    "node_modules/@napi-rs/canvas-linux-arm64-musl": {
      "version": "0.1.83",
      "resolved": "https://registry.npmjs.org/@napi-rs/canvas-linux-arm64-musl/-/canvas-linux-arm64-musl-0.1.83.tgz",
      "integrity": "sha512-cAvonp5XpbatVGegF9lMQNchs3z5RH6EtamRVnQvtoRtwbzOMcdzwuLBqDBQxQF79MFbuZNkWj3YRJjZCjHVzw==",
      "cpu": [
        "arm64"
      ],
      "license": "MIT",
      "optional": true,
      "os": [
        "linux"
      ],
      "engines": {
        "node": ">= 10"
      }
    },
    "node_modules/@napi-rs/canvas-linux-riscv64-gnu": {
      "version": "0.1.83",
      "resolved": "https://registry.npmjs.org/@napi-rs/canvas-linux-riscv64-gnu/-/canvas-linux-riscv64-gnu-0.1.83.tgz",
      "integrity": "sha512-WFUPQ9qZy31vmLxIJ3MfmHw+R2g/mLCgk8zmh7maJW8snV3vLPA7pZfIS65Dc61EVDp1vaBskwQ2RqPPzwkaew==",
      "cpu": [
        "riscv64"
      ],
      "license": "MIT",
      "optional": true,
      "os": [
        "linux"
      ],
      "engines": {
        "node": ">= 10"
      }
    },
    "node_modules/@napi-rs/canvas-linux-x64-gnu": {
      "version": "0.1.83",
      "resolved": "https://registry.npmjs.org/@napi-rs/canvas-linux-x64-gnu/-/canvas-linux-x64-gnu-0.1.83.tgz",
      "integrity": "sha512-X9YwIjsuy50WwOyYeNhEHjKHO8rrfH9M4U8vNqLuGmqsZdKua/GrUhdQGdjq7lTgdY3g4+Ta5jF8MzAa7UAs/g==",
      "cpu": [
        "x64"
      ],
      "license": "MIT",
      "optional": true,
      "os": [
        "linux"
      ],
      "engines": {
        "node": ">= 10"
      }
    },
    "node_modules/@napi-rs/canvas-linux-x64-musl": {
      "version": "0.1.83",
      "resolved": "https://registry.npmjs.org/@napi-rs/canvas-linux-x64-musl/-/canvas-linux-x64-musl-0.1.83.tgz",
      "integrity": "sha512-Vv2pLWQS8EnlSM1bstJ7vVhKA+mL4+my4sKUIn/bgIxB5O90dqiDhQjUDLP+5xn9ZMestRWDt3tdQEkGAmzq/A==",
      "cpu": [
        "x64"
      ],
      "license": "MIT",
      "optional": true,
      "os": [
        "linux"
      ],
      "engines": {
        "node": ">= 10"
      }
    },
    "node_modules/@napi-rs/canvas-win32-x64-msvc": {
      "version": "0.1.83",
      "resolved": "https://registry.npmjs.org/@napi-rs/canvas-win32-x64-msvc/-/canvas-win32-x64-msvc-0.1.83.tgz",
      "integrity": "sha512-K1TtjbScfRNYhq8dengLLufXGbtEtWdUXPV505uLFPovyGHzDUGXLFP/zUJzj6xWXwgUjHNLgEPIt7mye0zr6Q==",
      "cpu": [
        "x64"
      ],
      "license": "MIT",
      "optional": true,
      "os": [
        "win32"
      ],
      "engines": {
        "node": ">= 10"
      }
    },
    "node_modules/clsx": {
      "version": "2.1.1",
      "resolved": "https://registry.npmjs.org/clsx/-/clsx-2.1.1.tgz",
      "integrity": "sha512-eYm0QWBtUrBWZWG0d386OGAw16Z995PiOVo2B7bjWSbHedGl5e0ZWaq65kOGgUSNesEIDkB9ISbTg/JK9dhCZA==",
      "license": "MIT",
      "engines": {
        "node": ">=6"
      }
    },
    "node_modules/dayjs": {
      "version": "1.11.19",
      "resolved": "https://registry.npmjs.org/dayjs/-/dayjs-1.11.19.tgz",
      "integrity": "sha512-t5EcLVS6QPBNqM2z8fakk/NKel+Xzshgt8FFKAn+qwlD1pzZWxh0nVCrvFK7ZDb6XucZeF9z8C7CBWTRIVApAw==",
      "license": "MIT"
    },
    "node_modules/dequal": {
      "version": "2.0.3",
      "resolved": "https://registry.npmjs.org/dequal/-/dequal-2.0.3.tgz",
      "integrity": "sha512-0je+qPKHEMohvfRTCEo3CrPG6cAzAYgmzKyxRiYSSDkS6eGJdyVJm7WaYA5ECaAD9wLB2T4EEeymA5aFVcYXCA==",
      "license": "MIT",
      "engines": {
        "node": ">=6"
      }
    },
    "node_modules/gsap": {
      "version": "3.13.0",
      "resolved": "https://registry.npmjs.org/gsap/-/gsap-3.13.0.tgz",
      "integrity": "sha512-QL7MJ2WMjm1PHWsoFrAQH/J8wUeqZvMtHO58qdekHpCfhvhSL4gSiz6vJf5EeMP0LOn3ZCprL2ki/gjED8ghVw==",
      "license": "Standard 'no charge' license: https://gsap.com/standard-license."
    },
    "node_modules/immer": {
      "version": "11.0.0",
      "license": "MIT",
      "funding": {
        "type": "opencollective",
        "url": "https://opencollective.com/immer"
      }
    },
    "node_modules/js-tokens": {
      "version": "4.0.0",
      "resolved": "https://registry.npmjs.org/js-tokens/-/js-tokens-4.0.0.tgz",
      "integrity": "sha512-RdJUflcE3cUzKiMqQgsCu06FPu9UdIJO0beYbPhHN4k6apgJtifcoCtT9bcxOpYBtpD2kCM6Sbzg4CausW/PKQ==",
      "license": "MIT"
    },
    "node_modules/loose-envify": {
      "version": "1.4.0",
      "resolved": "https://registry.npmjs.org/loose-envify/-/loose-envify-1.4.0.tgz",
      "integrity": "sha512-lyuxPGr/Wfhrlem2CL/UcnUc1zcqKAImBDzukY7Y5F/yQiNdko6+fRLevlw1HgMySw7f611UIY408EtxRSoK3Q==",
      "license": "MIT",
      "dependencies": {
        "js-tokens": "^3.0.0 || ^4.0.0"
      },
      "bin": {
        "loose-envify": "cli.js"
      }
    },
    "node_modules/lucide-react": {
      "version": "0.555.0",
      "resolved": "https://registry.npmjs.org/lucide-react/-/lucide-react-0.555.0.tgz",
      "integrity": "sha512-D8FvHUGbxWBRQM90NZeIyhAvkFfsh3u9ekrMvJ30Z6gnpBHS6HC6ldLg7tL45hwiIz/u66eKDtdA23gwwGsAHA==",
      "license": "ISC",
      "peerDependencies": {
        "react": "^16.5.1 || ^17.0.0 || ^18.0.0 || ^19.0.0"
      }
    },
    "node_modules/make-cancellable-promise": {
      "version": "2.0.0",
      "resolved": "https://registry.npmjs.org/make-cancellable-promise/-/make-cancellable-promise-2.0.0.tgz",
      "integrity": "sha512-3SEQqTpV9oqVsIWqAcmDuaNeo7yBO3tqPtqGRcKkEo0lrzD3wqbKG9mkxO65KoOgXqj+zH2phJ2LiAsdzlogSw==",
      "license": "MIT",
      "funding": {
        "url": "https://github.com/wojtekmaj/make-cancellable-promise?sponsor=1"
      }
    },
    "node_modules/make-event-props": {
      "version": "2.0.0",
      "resolved": "https://registry.npmjs.org/make-event-props/-/make-event-props-2.0.0.tgz",
      "integrity": "sha512-G/hncXrl4Qt7mauJEXSg3AcdYzmpkIITTNl5I+rH9sog5Yw0kK6vseJjCaPfOXqOqQuPUP89Rkhfz5kPS8ijtw==",
      "license": "MIT",
      "funding": {
        "url": "https://github.com/wojtekmaj/make-event-props?sponsor=1"
      }
    },
    "node_modules/merge-refs": {
      "version": "2.0.0",
      "resolved": "https://registry.npmjs.org/merge-refs/-/merge-refs-2.0.0.tgz",
      "integrity": "sha512-3+B21mYK2IqUWnd2EivABLT7ueDhb0b8/dGK8LoFQPrU61YITeCMn14F7y7qZafWNZhUEKb24cJdiT5Wxs3prg==",
      "license": "MIT",
      "funding": {
        "url": "https://github.com/wojtekmaj/merge-refs?sponsor=1"
      },
      "peerDependencies": {
        "@types/react": "^16.8.0 || ^17.0.0 || ^18.0.0 || ^19.0.0"
      },
      "peerDependenciesMeta": {
        "@types/react": {
          "optional": true
        }
      }
    },
    "node_modules/pdfjs-dist": {
      "version": "5.4.296",
      "resolved": "https://registry.npmjs.org/pdfjs-dist/-/pdfjs-dist-5.4.296.tgz",
      "integrity": "sha512-DlOzet0HO7OEnmUmB6wWGJrrdvbyJKftI1bhMitK7O2N8W2gc757yyYBbINy9IDafXAV9wmKr9t7xsTaNKRG5Q==",
      "license": "Apache-2.0",
      "engines": {
        "node": ">=20.16.0 || >=22.3.0"
      },
      "optionalDependencies": {
        "@napi-rs/canvas": "^0.1.80"
      }
    },
    "node_modules/react": {
      "version": "19.2.0",
      "resolved": "https://registry.npmjs.org/react/-/react-19.2.0.tgz",
      "integrity": "sha512-tmbWg6W31tQLeB5cdIBOicJDJRR2KzXsV7uSK9iNfLWQ5bIZfxuPEHp7M8wiHyHnn0DD1i7w3Zmin0FtkrwoCQ==",
      "license": "MIT",
      "peer": true,
      "engines": {
        "node": ">=0.10.0"
      }
    },
    "node_modules/react-dom": {
      "version": "19.2.0",
      "resolved": "https://registry.npmjs.org/react-dom/-/react-dom-19.2.0.tgz",
      "integrity": "sha512-UlbRu4cAiGaIewkPyiRGJk0imDN2T3JjieT6spoL2UeSf5od4n5LB/mQ4ejmxhCFT1tYe8IvaFulzynWovsEFQ==",
      "license": "MIT",
      "peer": true,
      "dependencies": {
        "scheduler": "^0.27.0"
      },
      "peerDependencies": {
        "react": "^19.2.0"
      }
    },
    "node_modules/react-pdf": {
      "version": "10.2.0",
      "resolved": "https://registry.npmjs.org/react-pdf/-/react-pdf-10.2.0.tgz",
      "integrity": "sha512-zk0DIL31oCh8cuQycM0SJKfwh4Onz0/Nwi6wTOjgtEjWGUY6eM+/vuzvOP3j70qtEULn7m1JtaeGzud1w5fY2Q==",
      "license": "MIT",
      "dependencies": {
        "clsx": "^2.0.0",
        "dequal": "^2.0.3",
        "make-cancellable-promise": "^2.0.0",
        "make-event-props": "^2.0.0",
        "merge-refs": "^2.0.0",
        "pdfjs-dist": "5.4.296",
        "tiny-invariant": "^1.0.0",
        "warning": "^4.0.0"
      },
      "funding": {
        "url": "https://github.com/wojtekmaj/react-pdf?sponsor=1"
      },
      "peerDependencies": {
        "@types/react": "^16.8.0 || ^17.0.0 || ^18.0.0 || ^19.0.0",
        "react": "^16.8.0 || ^17.0.0 || ^18.0.0 || ^19.0.0",
        "react-dom": "^16.8.0 || ^17.0.0 || ^18.0.0 || ^19.0.0"
      },
      "peerDependenciesMeta": {
        "@types/react": {
          "optional": true
        }
      }
    },
    "node_modules/scheduler": {
      "version": "0.27.0",
      "resolved": "https://registry.npmjs.org/scheduler/-/scheduler-0.27.0.tgz",
      "integrity": "sha512-eNv+WrVbKu1f3vbYJT/xtiF5syA5HPIMtf9IgY/nKg0sWqzAUEvqY/xm7OcZc/qafLx/iO9FgOmeSAp4v5ti/Q==",
      "license": "MIT",
      "peer": true
    },
    "node_modules/tailwindcss": {
      "version": "4.1.17",
      "resolved": "https://registry.npmjs.org/tailwindcss/-/tailwindcss-4.1.17.tgz",
      "integrity": "sha512-j9Ee2YjuQqYT9bbRTfTZht9W/ytp5H+jJpZKiYdP/bpnXARAuELt9ofP0lPnmHjbga7SNQIxdTAXCmtKVYjN+Q==",
      "license": "MIT"
    },
    "node_modules/tiny-invariant": {
      "version": "1.3.3",
      "resolved": "https://registry.npmjs.org/tiny-invariant/-/tiny-invariant-1.3.3.tgz",
      "integrity": "sha512-+FbBPE1o9QAYvviau/qC5SE3caw21q3xkvWKBtja5vgqOWIHHJ3ioaq1VPfn/Szqctz2bU/oYeKd9/z5BL+PVg==",
      "license": "MIT"
    },
    "node_modules/warning": {
      "version": "4.0.3",
      "resolved": "https://registry.npmjs.org/warning/-/warning-4.0.3.tgz",
      "integrity": "sha512-rpJyN222KWIvHJ/F53XSZv0Zl/accqHR8et1kpaMTD/fLCRxtV8iX8czMzY7sVZupTI3zcUTg8eycS2kNF9l6w==",
      "license": "MIT",
      "dependencies": {
        "loose-envify": "^1.0.0"
      }
    },
    "node_modules/zustand": {
      "version": "5.0.8",
      "license": "MIT",
      "engines": {
        "node": ">=12.20.0"
      },
      "peerDependencies": {
        "@types/react": ">=18.0.0",
        "immer": ">=9.0.6",
        "react": ">=18.0.0",
        "use-sync-external-store": ">=1.2.0"
      },
      "peerDependenciesMeta": {
        "@types/react": {
          "optional": true
        },
        "immer": {
          "optional": true
        },
        "react": {
          "optional": true
        },
        "use-sync-external-store": {
          "optional": true
        }
      }
    }
  }
}
